dependencies:
- name: atozmart-common
  repository: file://..//atozmart-common
  version: 0.1.0
- name: configserver
  repository: file://..//configserver
  version: 0.1.0
- name: eurekaserver
  repository: file://..//eurekaserver
  version: 0.1.0
- name: rabbitmq
  repository: file://..//rabbitmq
  version: 0.1.0
- name: keycloak
  repository: file://..//keycloak
  version: 0.1.0
- name: cartdb
  repository: file://..//cartdb
  version: 0.1.0
- name: catalogdb
  repository: file://..//catalogdb
  version: 0.1.0
- name: wishlistdb
  repository: file://..//wishlistdb
  version: 0.1.0
- name: authserverdb
  repository: file://..//authserverdb
  version: 0.1.0
- name: cart
  repository: file://..//cart
  version: 0.1.0
- name: catalog
  repository: file://..//catalog
  version: 0.1.0
- name: wishlist
  repository: file://..//wishlist
  version: 0.1.0
- name: notification
  repository: file://..//notification
  version: 0.1.0
- name: authserver
  repository: file://..//authserver
  version: 0.1.0
- name: gatewayserver
  repository: file://..//gatewayserver
  version: 0.1.0
digest: sha256:25abda289eb5ad4cd17f7486bf9dcd6580a3a4007e0a186ff333a2d54d9024b9
generated: "2025-03-31T09:55:44.1967024+05:30"
