dependencies:
- name: atozmart-common
  repository: file://..//atozmart-common
  version: 0.1.0
- name: configserver
  repository: file://..//configserver
  version: 0.1.0
- name: eurekaserver
  repository: file://..//eurekaserver
  version: 0.1.0
- name: rabbitmq
  repository: file://..//rabbitmq
  version: 15.4.1
- name: keycloak
  repository: file://..//keycloak
  version: 24.4.13
- name: cartdb
  repository: file://..//cartdb
  version: 0.1.0
- name: catalogdb
  repository: file://..//catalogdb
  version: 0.1.0
- name: wishlistdb
  repository: file://..//wishlistdb
  version: 0.1.0
- name: authserverdb
  repository: file://..//authserverdb
  version: 0.1.0
- name: cart
  repository: file://..//cart
  version: 0.1.0
- name: catalog
  repository: file://..//catalog
  version: 0.1.0
- name: wishlist
  repository: file://..//wishlist
  version: 0.1.0
- name: notification
  repository: file://..//notification
  version: 0.1.0
- name: authserver
  repository: file://..//authserver
  version: 0.1.0
- name: gatewayserver
  repository: file://..//gatewayserver
  version: 0.1.0
digest: sha256:717c10957ce15472691b06fc95b33fecbe309f0e9b8bf8d7691375fd67a2c966
generated: "2025-03-30T23:10:17.9413582+05:30"
